// !$*UTF8*$!
{
	archiveVersion = 1;
	classes = {
	};
	objectVersion = 77;
	objects = {

/* Begin PBXBuildFile section */
		A1B2C3D40000000000000005 /* CameraActivityAttributes.swift in Sources */ = {isa = PBXBuildFile; fileRef = A1B2C3D40000000000000004 /* CameraActivityAttributes.swift */; };
		A1B2C3D40000000000000006 /* CameraActivityAttributes.swift in Sources */ = {isa = PBXBuildFile; fileRef = A1B2C3D40000000000000004 /* CameraActivityAttributes.swift */; };
		A1B2C3D4000000000000000E /* joheulttaedaLiveActivity.appex in Embed Foundation Extensions */ = {isa = PBXBuildFile; fileRef = A1B2C3D40000000000000001 /* joheulttaedaLiveActivity.appex */; settings = {ATTRIBUTES = (RemoveHeadersOnCopy, ); }; };
		B1C2D3E40000000000000007 /* ContentView.swift in Sources */ = {isa = PBXBuildFile; fileRef = B1C2D3E40000000000000001 /* ContentView.swift */; };
		B1C2D3E40000000000000008 /* MemorySectionView.swift in Sources */ = {isa = PBXBuildFile; fileRef = B1C2D3E40000000000000002 /* MemorySectionView.swift */; };
		B1C2D3E40000000000000009 /* CameraLiveActivityManager.swift in Sources */ = {isa = PBXBuildFile; fileRef = B1C2D3E40000000000000003 /* CameraLiveActivityManager.swift */; };
		B1C2D3E4000000000000000A /* joheulttaedaApp.swift in Sources */ = {isa = PBXBuildFile; fileRef = B1C2D3E40000000000000004 /* joheulttaedaApp.swift */; };
		B1C2D3E4000000000000000B /* Assets.xcassets in Resources */ = {isa = PBXBuildFile; fileRef = B1C2D3E40000000000000005 /* Assets.xcassets */; };
		B1C2D3E4000000000000000D /* IdeaPhotos in Resources */ = {isa = PBXBuildFile; fileRef = B1C2D3E4000000000000000C /* IdeaPhotos */; };
		C10000000000000000000001 /* IdeaImportContract.swift in Sources */ = {isa = PBXBuildFile; fileRef = C10000000000000000000008 /* IdeaImportContract.swift */; };
		C10000000000000000000002 /* IdeaImportContract.swift in Sources */ = {isa = PBXBuildFile; fileRef = C10000000000000000000008 /* IdeaImportContract.swift */; };
		C10000000000000000000003 /* IdeaMediaItem.swift in Sources */ = {isa = PBXBuildFile; fileRef = C10000000000000000000009 /* IdeaMediaItem.swift */; };
		C10000000000000000000004 /* IdeaMediaStorage.swift in Sources */ = {isa = PBXBuildFile; fileRef = C1000000000000000000000A /* IdeaMediaStorage.swift */; };
		C10000000000000000000005 /* IdeaImportCoordinator.swift in Sources */ = {isa = PBXBuildFile; fileRef = C1000000000000000000000B /* IdeaImportCoordinator.swift */; };
		C10000000000000000000006 /* joheulttaedaShare.appex in Embed Foundation Extensions */ = {isa = PBXBuildFile; fileRef = C10000000000000000000007 /* joheulttaedaShare.appex */; settings = {ATTRIBUTES = (RemoveHeadersOnCopy, ); }; };
		D10000000000000000000001 /* InstagramEmbedPlayerView.swift in Sources */ = {isa = PBXBuildFile; fileRef = D10000000000000000000002 /* InstagramEmbedPlayerView.swift */; };
		E10000000000000000000001 /* MemoryPhoto.swift in Sources */ = {isa = PBXBuildFile; fileRef = E10000000000000000000002 /* MemoryPhoto.swift */; };
		E10000000000000000000003 /* MemoryPhotoVisionClassifier.swift in Sources */ = {isa = PBXBuildFile; fileRef = E10000000000000000000004 /* MemoryPhotoVisionClassifier.swift */; };
		E10000000000000000000005 /* MemoryPhotoLibraryImporter.swift in Sources */ = {isa = PBXBuildFile; fileRef = E10000000000000000000006 /* MemoryPhotoLibraryImporter.swift */; };
/* End PBXBuildFile section */

/* Begin PBXContainerItemProxy section */
		A1B2C3D40000000000000010 /* PBXContainerItemProxy */ = {
			isa = PBXContainerItemProxy;
			containerPortal = 9C4AAEAC300DA23800C92EDE /* Project object */;
			proxyType = 1;
			remoteGlobalIDString = A1B2C3D40000000000000007;
			remoteInfo = joheulttaedaLiveActivity;
		};
		C10000000000000000000015 /* PBXContainerItemProxy */ = {
			isa = PBXContainerItemProxy;
			containerPortal = 9C4AAEAC300DA23800C92EDE /* Project object */;
			proxyType = 1;
			remoteGlobalIDString = C10000000000000000000011;
			remoteInfo = joheulttaedaShare;
		};
/* End PBXContainerItemProxy section */

/* Begin PBXCopyFilesBuildPhase section */
		A1B2C3D4000000000000000F /* Embed Foundation Extensions */ = {
			isa = PBXCopyFilesBuildPhase;
			buildActionMask = 2147483647;
			dstPath = "";
			dstSubfolderSpec = 13;
			files = (
				A1B2C3D4000000000000000E /* joheulttaedaLiveActivity.appex in Embed Foundation Extensions */,
				C10000000000000000000006 /* joheulttaedaShare.appex in Embed Foundation Extensions */,
			);
			name = "Embed Foundation Extensions";
			runOnlyForDeploymentPostprocessing = 0;
		};
/* End PBXCopyFilesBuildPhase section */

/* Begin PBXFileReference section */
		9C4AAEB4300DA23800C92EDE /* joheulttaeda.app */ = {isa = PBXFileReference; explicitFileType = wrapper.application; includeInIndex = 0; path = joheulttaeda.app; sourceTree = BUILT_PRODUCTS_DIR; };
		A1B2C3D40000000000000001 /* joheulttaedaLiveActivity.appex */ = {isa = PBXFileReference; explicitFileType = "wrapper.app-extension"; includeInIndex = 0; path = joheulttaedaLiveActivity.appex; sourceTree = BUILT_PRODUCTS_DIR; };
		A1B2C3D40000000000000004 /* CameraActivityAttributes.swift */ = {isa = PBXFileReference; lastKnownFileType = sourcecode.swift; path = CameraActivityAttributes.swift; sourceTree = "<group>"; };
		B1C2D3E40000000000000001 /* ContentView.swift */ = {isa = PBXFileReference; lastKnownFileType = sourcecode.swift; path = ContentView.swift; sourceTree = "<group>"; };
		B1C2D3E40000000000000002 /* MemorySectionView.swift */ = {isa = PBXFileReference; lastKnownFileType = sourcecode.swift; path = MemorySectionView.swift; sourceTree = "<group>"; };
		B1C2D3E40000000000000003 /* CameraLiveActivityManager.swift */ = {isa = PBXFileReference; lastKnownFileType = sourcecode.swift; path = CameraLiveActivityManager.swift; sourceTree = "<group>"; };
		B1C2D3E40000000000000004 /* joheulttaedaApp.swift */ = {isa = PBXFileReference; lastKnownFileType = sourcecode.swift; path = joheulttaedaApp.swift; sourceTree = "<group>"; };
		B1C2D3E40000000000000005 /* Assets.xcassets */ = {isa = PBXFileReference; lastKnownFileType = folder.assetcatalog; path = Assets.xcassets; sourceTree = "<group>"; };
		B1C2D3E40000000000000006 /* joheulttaeda.entitlements */ = {isa = PBXFileReference; lastKnownFileType = text.plist.entitlements; path = joheulttaeda.entitlements; sourceTree = "<group>"; };
		B1C2D3E4000000000000000C /* IdeaPhotos */ = {isa = PBXFileReference; lastKnownFileType = folder; path = IdeaPhotos; sourceTree = "<group>"; };
		C10000000000000000000007 /* joheulttaedaShare.appex */ = {isa = PBXFileReference; explicitFileType = "wrapper.app-extension"; includeInIndex = 0; path = joheulttaedaShare.appex; sourceTree = BUILT_PRODUCTS_DIR; };
		C10000000000000000000008 /* IdeaImportContract.swift */ = {isa = PBXFileReference; lastKnownFileType = sourcecode.swift; path = IdeaImportContract.swift; sourceTree = "<group>"; };
		C10000000000000000000009 /* IdeaMediaItem.swift */ = {isa = PBXFileReference; lastKnownFileType = sourcecode.swift; path = IdeaMediaItem.swift; sourceTree = "<group>"; };
		C1000000000000000000000A /* IdeaMediaStorage.swift */ = {isa = PBXFileReference; lastKnownFileType = sourcecode.swift; path = IdeaMediaStorage.swift; sourceTree = "<group>"; };
		C1000000000000000000000B /* IdeaImportCoordinator.swift */ = {isa = PBXFileReference; lastKnownFileType = sourcecode.swift; path = IdeaImportCoordinator.swift; sourceTree = "<group>"; };
		D10000000000000000000002 /* InstagramEmbedPlayerView.swift */ = {isa = PBXFileReference; lastKnownFileType = sourcecode.swift; path = InstagramEmbedPlayerView.swift; sourceTree = "<group>"; };
		E10000000000000000000002 /* MemoryPhoto.swift */ = {isa = PBXFileReference; lastKnownFileType = sourcecode.swift; path = MemoryPhoto.swift; sourceTree = "<group>"; };
		E10000000000000000000004 /* MemoryPhotoVisionClassifier.swift */ = {isa = PBXFileReference; lastKnownFileType = sourcecode.swift; path = MemoryPhotoVisionClassifier.swift; sourceTree = "<group>"; };
		E10000000000000000000006 /* MemoryPhotoLibraryImporter.swift */ = {isa = PBXFileReference; lastKnownFileType = sourcecode.swift; path = MemoryPhotoLibraryImporter.swift; sourceTree = "<group>"; };
/* End PBXFileReference section */

/* Begin PBXFileSystemSynchronizedBuildFileExceptionSet section */
		A1B2C3D40000000000000012 /* Exceptions for "joheulttaedaLiveActivity" folder in "joheulttaedaLiveActivity" target */ = {
			isa = PBXFileSystemSynchronizedBuildFileExceptionSet;
			membershipExceptions = (
				Info.plist,
			);
			target = A1B2C3D40000000000000007 /* joheulttaedaLiveActivity */;
		};
		C1000000000000000000000D /* Exceptions for "joheulttaedaShare" folder in "joheulttaedaShare" target */ = {
			isa = PBXFileSystemSynchronizedBuildFileExceptionSet;
			membershipExceptions = (
				Info.plist,
			);
			target = C10000000000000000000011 /* joheulttaedaShare */;
		};
/* End PBXFileSystemSynchronizedBuildFileExceptionSet section */

/* Begin PBXFileSystemSynchronizedRootGroup section */
		A1B2C3D40000000000000002 /* joheulttaedaLiveActivity */ = {
			isa = PBXFileSystemSynchronizedRootGroup;
			exceptions = (
				A1B2C3D40000000000000012 /* Exceptions for "joheulttaedaLiveActivity" folder in "joheulttaedaLiveActivity" target */,
			);
			path = joheulttaedaLiveActivity;
			sourceTree = "<group>";
		};
		C1000000000000000000000C /* joheulttaedaShare */ = {
			isa = PBXFileSystemSynchronizedRootGroup;
			exceptions = (
				C1000000000000000000000D /* Exceptions for "joheulttaedaShare" folder in "joheulttaedaShare" target */,
			);
			path = joheulttaedaShare;
			sourceTree = "<group>";
		};
/* End PBXFileSystemSynchronizedRootGroup section */

/* Begin PBXFrameworksBuildPhase section */
		9C4AAEB1300DA23800C92EDE /* Frameworks */ = {
			isa = PBXFrameworksBuildPhase;
			buildActionMask = 2147483647;
			files = (
			);
			runOnlyForDeploymentPostprocessing = 0;
		};
		A1B2C3D40000000000000009 /* Frameworks */ = {
			isa = PBXFrameworksBuildPhase;
			buildActionMask = 2147483647;
			files = (
			);
			runOnlyForDeploymentPostprocessing = 0;
		};
		C1000000000000000000000F /* Frameworks */ = {
			isa = PBXFrameworksBuildPhase;
			buildActionMask = 2147483647;
			files = (
			);
			runOnlyForDeploymentPostprocessing = 0;
		};
/* End PBXFrameworksBuildPhase section */

/* Begin PBXGroup section */
		9C4AAEAB300DA23800C92EDE = {
			isa = PBXGroup;
			children = (
				9C4AAEB6300DA23800C92EDE /* joheulttaeda */,
				A1B2C3D40000000000000002 /* joheulttaedaLiveActivity */,
				C1000000000000000000000C /* joheulttaedaShare */,
				A1B2C3D40000000000000003 /* Shared */,
				9C4AAEB5300DA23800C92EDE /* Products */,
			);
			sourceTree = "<group>";
		};
		9C4AAEB5300DA23800C92EDE /* Products */ = {
			isa = PBXGroup;
			children = (
				9C4AAEB4300DA23800C92EDE /* joheulttaeda.app */,
				A1B2C3D40000000000000001 /* joheulttaedaLiveActivity.appex */,
				C10000000000000000000007 /* joheulttaedaShare.appex */,
			);
			name = Products;
			sourceTree = "<group>";
		};
		9C4AAEB6300DA23800C92EDE /* joheulttaeda */ = {
			isa = PBXGroup;
			children = (
				B1C2D3E40000000000000001 /* ContentView.swift */,
				D10000000000000000000002 /* InstagramEmbedPlayerView.swift */,
				C10000000000000000000009 /* IdeaMediaItem.swift */,
				C1000000000000000000000A /* IdeaMediaStorage.swift */,
				C1000000000000000000000B /* IdeaImportCoordinator.swift */,
				E10000000000000000000002 /* MemoryPhoto.swift */,
				E10000000000000000000004 /* MemoryPhotoVisionClassifier.swift */,
				E10000000000000000000006 /* MemoryPhotoLibraryImporter.swift */,
				B1C2D3E40000000000000002 /* MemorySectionView.swift */,
				B1C2D3E40000000000000003 /* CameraLiveActivityManager.swift */,
				B1C2D3E40000000000000004 /* joheulttaedaApp.swift */,
				B1C2D3E40000000000000005 /* Assets.xcassets */,
				B1C2D3E4000000000000000C /* IdeaPhotos */,
				B1C2D3E40000000000000006 /* joheulttaeda.entitlements */,
			);
			path = joheulttaeda;
			sourceTree = "<group>";
		};
		A1B2C3D40000000000000003 /* Shared */ = {
			isa = PBXGroup;
			children = (
				A1B2C3D40000000000000004 /* CameraActivityAttributes.swift */,
				C10000000000000000000008 /* IdeaImportContract.swift */,
			);
			path = Shared;
			sourceTree = "<group>";
		};
/* End PBXGroup section */

/* Begin PBXNativeTarget section */
		9C4AAEB3300DA23800C92EDE /* joheulttaeda */ = {
			isa = PBXNativeTarget;
			buildConfigurationList = 9C4AAEBF300DA23900C92EDE /* Build configuration list for PBXNativeTarget "joheulttaeda" */;
			buildPhases = (
				9C4AAEB0300DA23800C92EDE /* Sources */,
				9C4AAEB1300DA23800C92EDE /* Frameworks */,
				9C4AAEB2300DA23800C92EDE /* Resources */,
				A1B2C3D4000000000000000F /* Embed Foundation Extensions */,
			);
			buildRules = (
			);
			dependencies = (
				A1B2C3D40000000000000011 /* PBXTargetDependency */,
				C10000000000000000000016 /* PBXTargetDependency */,
			);
			name = joheulttaeda;
			packageProductDependencies = (
			);
			productName = joheulttaeda;
			productReference = 9C4AAEB4300DA23800C92EDE /* joheulttaeda.app */;
			productType = "com.apple.product-type.application";
		};
		A1B2C3D40000000000000007 /* joheulttaedaLiveActivity */ = {
			isa = PBXNativeTarget;
			buildConfigurationList = A1B2C3D4000000000000000B /* Build configuration list for PBXNativeTarget "joheulttaedaLiveActivity" */;
			buildPhases = (
				A1B2C3D40000000000000008 /* Sources */,
				A1B2C3D40000000000000009 /* Frameworks */,
				A1B2C3D4000000000000000A /* Resources */,
			);
			buildRules = (
			);
			dependencies = (
			);
			fileSystemSynchronizedGroups = (
				A1B2C3D40000000000000002 /* joheulttaedaLiveActivity */,
			);
			name = joheulttaedaLiveActivity;
			packageProductDependencies = (
			);
			productName = joheulttaedaLiveActivity;
			productReference = A1B2C3D40000000000000001 /* joheulttaedaLiveActivity.appex */;
			productType = "com.apple.product-type.app-extension";
		};
		C10000000000000000000011 /* joheulttaedaShare */ = {
			isa = PBXNativeTarget;
			buildConfigurationList = C10000000000000000000012 /* Build configuration list for PBXNativeTarget "joheulttaedaShare" */;
			buildPhases = (
				C1000000000000000000000E /* Sources */,
				C1000000000000000000000F /* Frameworks */,
				C10000000000000000000010 /* Resources */,
			);
			buildRules = (
			);
			dependencies = (
			);
			fileSystemSynchronizedGroups = (
				C1000000000000000000000C /* joheulttaedaShare */,
			);
			name = joheulttaedaShare;
			packageProductDependencies = (
			);
			productName = joheulttaedaShare;
			productReference = C10000000000000000000007 /* joheulttaedaShare.appex */;
			productType = "com.apple.product-type.app-extension";
		};
/* End PBXNativeTarget section */

/* Begin PBXProject section */
		9C4AAEAC300DA23800C92EDE /* Project object */ = {
			isa = PBXProject;
			attributes = {
				BuildIndependentTargetsInParallel = 1;
				LastSwiftUpdateCheck = 2650;
				LastUpgradeCheck = 2650;
				TargetAttributes = {
					9C4AAEB3300DA23800C92EDE = {
						CreatedOnToolsVersion = 26.5;
						SystemCapabilities = {
							com.apple.ApplicationGroups.iOS = {
								enabled = 1;
							};
						};
					};
					A1B2C3D40000000000000007 = {
						CreatedOnToolsVersion = 26.5;
						SystemCapabilities = {
							com.apple.ApplicationGroups.iOS = {
								enabled = 1;
							};
						};
					};
					C10000000000000000000011 = {
						CreatedOnToolsVersion = 26.5;
						SystemCapabilities = {
							com.apple.ApplicationGroups.iOS = {
								enabled = 1;
							};
						};
					};
				};
			};
			buildConfigurationList = 9C4AAEAF300DA23800C92EDE /* Build configuration list for PBXProject "joheulttaeda" */;
			developmentRegion = en;
			hasScannedForEncodings = 0;
			knownRegions = (
				en,
				Base,
			);
			mainGroup = 9C4AAEAB300DA23800C92EDE;
			minimizedProjectReferenceProxies = 1;
			preferredProjectObjectVersion = 77;
			productRefGroup = 9C4AAEB5300DA23800C92EDE /* Products */;
			projectDirPath = "";
			projectRoot = "";
			targets = (
				9C4AAEB3300DA23800C92EDE /* joheulttaeda */,
				A1B2C3D40000000000000007 /* joheulttaedaLiveActivity */,
				C10000000000000000000011 /* joheulttaedaShare */,
			);
		};
/* End PBXProject section */

/* Begin PBXResourcesBuildPhase section */
		9C4AAEB2300DA23800C92EDE /* Resources */ = {
			isa = PBXResourcesBuildPhase;
			buildActionMask = 2147483647;
			files = (
				B1C2D3E4000000000000000B /* Assets.xcassets in Resources */,
				B1C2D3E4000000000000000D /* IdeaPhotos in Resources */,
			);
			runOnlyForDeploymentPostprocessing = 0;
		};
		A1B2C3D4000000000000000A /* Resources */ = {
			isa = PBXResourcesBuildPhase;
			buildActionMask = 2147483647;
			files = (
			);
			runOnlyForDeploymentPostprocessing = 0;
		};
		C10000000000000000000010 /* Resources */ = {
			isa = PBXResourcesBuildPhase;
			buildActionMask = 2147483647;
			files = (
			);
			runOnlyForDeploymentPostprocessing = 0;
		};
/* End PBXResourcesBuildPhase section */

/* Begin PBXSourcesBuildPhase section */
		9C4AAEB0300DA23800C92EDE /* Sources */ = {
			isa = PBXSourcesBuildPhase;
			buildActionMask = 2147483647;
			files = (
				D10000000000000000000001 /* InstagramEmbedPlayerView.swift in Sources */,
				C10000000000000000000005 /* IdeaImportCoordinator.swift in Sources */,
				C10000000000000000000004 /* IdeaMediaStorage.swift in Sources */,
				C10000000000000000000003 /* IdeaMediaItem.swift in Sources */,
				C10000000000000000000001 /* IdeaImportContract.swift in Sources */,
				E10000000000000000000001 /* MemoryPhoto.swift in Sources */,
				E10000000000000000000003 /* MemoryPhotoVisionClassifier.swift in Sources */,
				E10000000000000000000005 /* MemoryPhotoLibraryImporter.swift in Sources */,
				B1C2D3E40000000000000009 /* CameraLiveActivityManager.swift in Sources */,
				A1B2C3D40000000000000005 /* CameraActivityAttributes.swift in Sources */,
				B1C2D3E40000000000000007 /* ContentView.swift in Sources */,
				B1C2D3E40000000000000008 /* MemorySectionView.swift in Sources */,
				B1C2D3E4000000000000000A /* joheulttaedaApp.swift in Sources */,
			);
			runOnlyForDeploymentPostprocessing = 0;
		};
		A1B2C3D40000000000000008 /* Sources */ = {
			isa = PBXSourcesBuildPhase;
			buildActionMask = 2147483647;
			files = (
				A1B2C3D40000000000000006 /* CameraActivityAttributes.swift in Sources */,
			);
			runOnlyForDeploymentPostprocessing = 0;
		};
		C1000000000000000000000E /* Sources */ = {
			isa = PBXSourcesBuildPhase;
			buildActionMask = 2147483647;
			files = (
				C10000000000000000000002 /* IdeaImportContract.swift in Sources */,
			);
			runOnlyForDeploymentPostprocessing = 0;
		};
/* End PBXSourcesBuildPhase section */

/* Begin PBXTargetDependency section */
		A1B2C3D40000000000000011 /* PBXTargetDependency */ = {
			isa = PBXTargetDependency;
			target = A1B2C3D40000000000000007 /* joheulttaedaLiveActivity */;
			targetProxy = A1B2C3D40000000000000010 /* PBXContainerItemProxy */;
		};
		C10000000000000000000016 /* PBXTargetDependency */ = {
			isa = PBXTargetDependency;
			target = C10000000000000000000011 /* joheulttaedaShare */;
			targetProxy = C10000000000000000000015 /* PBXContainerItemProxy */;
		};
/* End PBXTargetDependency section */

/* Begin XCBuildConfiguration section */
		9C4AAEBD300DA23900C92EDE /* Debug */ = {
			isa = XCBuildConfiguration;
			buildSettings = {
				ALWAYS_SEARCH_USER_PATHS = NO;
				ASSETCATALOG_COMPILER_GENERATE_SWIFT_ASSET_SYMBOL_EXTENSIONS = YES;
				CLANG_ANALYZER_NONNULL = YES;
				CLANG_ANALYZER_NUMBER_OBJECT_CONVERSION = YES_AGGRESSIVE;
				CLANG_CXX_LANGUAGE_STANDARD = "gnu++20";
				CLANG_ENABLE_MODULES = YES;
				CLANG_ENABLE_OBJC_ARC = YES;
				CLANG_ENABLE_OBJC_WEAK = YES;
				CLANG_WARN_BLOCK_CAPTURE_AUTORELEASING = YES;
				CLANG_WARN_BOOL_CONVERSION = YES;
				CLANG_WARN_COMMA = YES;
				CLANG_WARN_CONSTANT_CONVERSION = YES;
				CLANG_WARN_DEPRECATED_OBJC_IMPLEMENTATIONS = YES;
				CLANG_WARN_DIRECT_OBJC_ISA_USAGE = YES_ERROR;
				CLANG_WARN_DOCUMENTATION_COMMENTS = YES;
				CLANG_WARN_EMPTY_BODY = YES;
				CLANG_WARN_ENUM_CONVERSION = YES;
				CLANG_WARN_INFINITE_RECURSION = YES;
				CLANG_WARN_INT_CONVERSION = YES;
				CLANG_WARN_NON_LITERAL_NULL_CONVERSION = YES;
				CLANG_WARN_OBJC_IMPLICIT_RETAIN_SELF = YES;
				CLANG_WARN_OBJC_LITERAL_CONVERSION = YES;
				CLANG_WARN_OBJC_ROOT_CLASS = YES_ERROR;
				CLANG_WARN_QUOTED_INCLUDE_IN_FRAMEWORK_HEADER = YES;
				CLANG_WARN_RANGE_LOOP_ANALYSIS = YES;
				CLANG_WARN_STRICT_PROTOTYPES = YES;
				CLANG_WARN_SUSPICIOUS_MOVE = YES;
				CLANG_WARN_UNGUARDED_AVAILABILITY = YES_AGGRESSIVE;
				CLANG_WARN_UNREACHABLE_CODE = YES;
				CLANG_WARN__DUPLICATE_METHOD_MATCH = YES;
				COPY_PHASE_STRIP = NO;
				DEBUG_INFORMATION_FORMAT = dwarf;
				DEVELOPMENT_TEAM = 4Y8TKL3X4R;
				ENABLE_STRICT_OBJC_MSGSEND = YES;
				ENABLE_TESTABILITY = YES;
				ENABLE_USER_SCRIPT_SANDBOXING = YES;
				GCC_C_LANGUAGE_STANDARD = gnu17;
				GCC_DYNAMIC_NO_PIC = NO;
				GCC_NO_COMMON_BLOCKS = YES;
				GCC_OPTIMIZATION_LEVEL = 0;
				GCC_PREPROCESSOR_DEFINITIONS = (
					"DEBUG=1",
					"$(inherited)",
				);
				GCC_WARN_64_TO_32_BIT_CONVERSION = YES;
				GCC_WARN_ABOUT_RETURN_TYPE = YES_ERROR;
				GCC_WARN_UNDECLARED_SELECTOR = YES;
				GCC_WARN_UNINITIALIZED_AUTOS = YES_AGGRESSIVE;
				GCC_WARN_UNUSED_FUNCTION = YES;
				GCC_WARN_UNUSED_VARIABLE = YES;
				IPHONEOS_DEPLOYMENT_TARGET = 26.5;
				LOCALIZATION_PREFERS_STRING_CATALOGS = YES;
				MTL_ENABLE_DEBUG_INFO = INCLUDE_SOURCE;
				MTL_FAST_MATH = YES;
				ONLY_ACTIVE_ARCH = YES;
				SDKROOT = iphoneos;
				SWIFT_ACTIVE_COMPILATION_CONDITIONS = "DEBUG $(inherited)";
				SWIFT_OPTIMIZATION_LEVEL = "-Onone";
			};
			name = Debug;
		};
		9C4AAEBE300DA23900C92EDE /* Release */ = {
			isa = XCBuildConfiguration;
			buildSettings = {
				ALWAYS_SEARCH_USER_PATHS = NO;
				ASSETCATALOG_COMPILER_GENERATE_SWIFT_ASSET_SYMBOL_EXTENSIONS = YES;
				CLANG_ANALYZER_NONNULL = YES;
				CLANG_ANALYZER_NUMBER_OBJECT_CONVERSION = YES_AGGRESSIVE;
				CLANG_CXX_LANGUAGE_STANDARD = "gnu++20";
				CLANG_ENABLE_MODULES = YES;
				CLANG_ENABLE_OBJC_ARC = YES;
				CLANG_ENABLE_OBJC_WEAK = YES;
				CLANG_WARN_BLOCK_CAPTURE_AUTORELEASING = YES;
				CLANG_WARN_BOOL_CONVERSION = YES;
				CLANG_WARN_COMMA = YES;
				CLANG_WARN_CONSTANT_CONVERSION = YES;
				CLANG_WARN_DEPRECATED_OBJC_IMPLEMENTATIONS = YES;
				CLANG_WARN_DIRECT_OBJC_ISA_USAGE = YES_ERROR;
				CLANG_WARN_DOCUMENTATION_COMMENTS = YES;
				CLANG_WARN_EMPTY_BODY = YES;
				CLANG_WARN_ENUM_CONVERSION = YES;
				CLANG_WARN_INFINITE_RECURSION = YES;
				CLANG_WARN_INT_CONVERSION = YES;
				CLANG_WARN_NON_LITERAL_NULL_CONVERSION = YES;
				CLANG_WARN_OBJC_IMPLICIT_RETAIN_SELF = YES;
				CLANG_WARN_OBJC_LITERAL_CONVERSION = YES;
				CLANG_WARN_OBJC_ROOT_CLASS = YES_ERROR;
				CLANG_WARN_QUOTED_INCLUDE_IN_FRAMEWORK_HEADER = YES;
				CLANG_WARN_RANGE_LOOP_ANALYSIS = YES;
				CLANG_WARN_STRICT_PROTOTYPES = YES;
				CLANG_WARN_SUSPICIOUS_MOVE = YES;
				CLANG_WARN_UNGUARDED_AVAILABILITY = YES_AGGRESSIVE;
				CLANG_WARN_UNREACHABLE_CODE = YES;
				CLANG_WARN__DUPLICATE_METHOD_MATCH = YES;
				COPY_PHASE_STRIP = NO;
				DEBUG_INFORMATION_FORMAT = "dwarf-with-dsym";
				DEVELOPMENT_TEAM = 4Y8TKL3X4R;
				ENABLE_NS_ASSERTIONS = NO;
				ENABLE_STRICT_OBJC_MSGSEND = YES;
				ENABLE_USER_SCRIPT_SANDBOXING = YES;
				GCC_C_LANGUAGE_STANDARD = gnu17;
				GCC_NO_COMMON_BLOCKS = YES;
				GCC_WARN_64_TO_32_BIT_CONVERSION = YES;
				GCC_WARN_ABOUT_RETURN_TYPE = YES_ERROR;
				GCC_WARN_UNDECLARED_SELECTOR = YES;
				GCC_WARN_UNINITIALIZED_AUTOS = YES_AGGRESSIVE;
				GCC_WARN_UNUSED_FUNCTION = YES;
				GCC_WARN_UNUSED_VARIABLE = YES;
				IPHONEOS_DEPLOYMENT_TARGET = 26.5;
				LOCALIZATION_PREFERS_STRING_CATALOGS = YES;
				MTL_ENABLE_DEBUG_INFO = NO;
				MTL_FAST_MATH = YES;
				SDKROOT = iphoneos;
				SWIFT_COMPILATION_MODE = wholemodule;
				VALIDATE_PRODUCT = YES;
			};
			name = Release;
		};
		9C4AAEC0300DA23900C92EDE /* Debug */ = {
			isa = XCBuildConfiguration;
			buildSettings = {
				ASSETCATALOG_COMPILER_APPICON_NAME = AppIcon;
				ASSETCATALOG_COMPILER_GLOBAL_ACCENT_COLOR_NAME = AccentColor;
				CODE_SIGN_STYLE = Automatic;
				CODE_SIGN_ENTITLEMENTS = joheulttaeda/joheulttaeda.entitlements;
				CURRENT_PROJECT_VERSION = 1;
				DEVELOPMENT_TEAM = 4Y8TKL3X4R;
				ENABLE_PREVIEWS = YES;
				GENERATE_INFOPLIST_FILE = YES;
				INFOPLIST_KEY_InstagramOEmbedAPIKey = "";
				INFOPLIST_KEY_InstagramOEmbedResolverURL = "";
				INFOPLIST_KEY_NSCameraUsageDescription = "선택한 추억과 함께 사용할 사진을 촬영하기 위해 카메라 접근이 필요합니다.";
				INFOPLIST_KEY_NSPhotoLibraryUsageDescription = "기본 카메라로 촬영한 새 사진을 Memory로 가져와 자동 분류하기 위해 사진 보관함 접근이 필요합니다.";
				INFOPLIST_KEY_NSSupportsLiveActivities = YES;
				INFOPLIST_KEY_UIApplicationSceneManifest_Generation = YES;
				INFOPLIST_KEY_UIApplicationSupportsIndirectInputEvents = YES;
				INFOPLIST_KEY_UILaunchScreen_Generation = YES;
				INFOPLIST_KEY_UISupportedInterfaceOrientations_iPad = "UIInterfaceOrientationPortrait UIInterfaceOrientationPortraitUpsideDown UIInterfaceOrientationLandscapeLeft UIInterfaceOrientationLandscapeRight";
				INFOPLIST_KEY_UISupportedInterfaceOrientations_iPhone = "UIInterfaceOrientationPortrait UIInterfaceOrientationLandscapeLeft UIInterfaceOrientationLandscapeRight";
				LD_RUNPATH_SEARCH_PATHS = (
					"$(inherited)",
					"@executable_path/Frameworks",
				);
				MARKETING_VERSION = 1.0;
				PRODUCT_BUNDLE_IDENTIFIER = com.folitune.joheulttaeda;
				PRODUCT_NAME = "$(TARGET_NAME)";
				STRING_CATALOG_GENERATE_SYMBOLS = YES;
				SWIFT_APPROACHABLE_CONCURRENCY = YES;
				SWIFT_DEFAULT_ACTOR_ISOLATION = MainActor;
				SWIFT_EMIT_LOC_STRINGS = YES;
				SWIFT_UPCOMING_FEATURE_MEMBER_IMPORT_VISIBILITY = YES;
				SWIFT_VERSION = 5.0;
				TARGETED_DEVICE_FAMILY = "1,2";
			};
			name = Debug;
		};
		9C4AAEC1300DA23900C92EDE /* Release */ = {
			isa = XCBuildConfiguration;
			buildSettings = {
				ASSETCATALOG_COMPILER_APPICON_NAME = AppIcon;
				ASSETCATALOG_COMPILER_GLOBAL_ACCENT_COLOR_NAME = AccentColor;
				CODE_SIGN_STYLE = Automatic;
				CODE_SIGN_ENTITLEMENTS = joheulttaeda/joheulttaeda.entitlements;
				CURRENT_PROJECT_VERSION = 1;
				DEVELOPMENT_TEAM = 4Y8TKL3X4R;
				ENABLE_PREVIEWS = YES;
				GENERATE_INFOPLIST_FILE = YES;
				INFOPLIST_KEY_InstagramOEmbedAPIKey = "";
				INFOPLIST_KEY_InstagramOEmbedResolverURL = "";
				INFOPLIST_KEY_NSCameraUsageDescription = "선택한 추억과 함께 사용할 사진을 촬영하기 위해 카메라 접근이 필요합니다.";
				INFOPLIST_KEY_NSPhotoLibraryUsageDescription = "기본 카메라로 촬영한 새 사진을 Memory로 가져와 자동 분류하기 위해 사진 보관함 접근이 필요합니다.";
				INFOPLIST_KEY_NSSupportsLiveActivities = YES;
				INFOPLIST_KEY_UIApplicationSceneManifest_Generation = YES;
				INFOPLIST_KEY_UIApplicationSupportsIndirectInputEvents = YES;
				INFOPLIST_KEY_UILaunchScreen_Generation = YES;
				INFOPLIST_KEY_UISupportedInterfaceOrientations_iPad = "UIInterfaceOrientationPortrait UIInterfaceOrientationPortraitUpsideDown UIInterfaceOrientationLandscapeLeft UIInterfaceOrientationLandscapeRight";
				INFOPLIST_KEY_UISupportedInterfaceOrientations_iPhone = "UIInterfaceOrientationPortrait UIInterfaceOrientationLandscapeLeft UIInterfaceOrientationLandscapeRight";
				LD_RUNPATH_SEARCH_PATHS = (
					"$(inherited)",
					"@executable_path/Frameworks",
				);
				MARKETING_VERSION = 1.0;
				PRODUCT_BUNDLE_IDENTIFIER = com.folitune.joheulttaeda;
				PRODUCT_NAME = "$(TARGET_NAME)";
				STRING_CATALOG_GENERATE_SYMBOLS = YES;
				SWIFT_APPROACHABLE_CONCURRENCY = YES;
				SWIFT_DEFAULT_ACTOR_ISOLATION = MainActor;
				SWIFT_EMIT_LOC_STRINGS = YES;
				SWIFT_UPCOMING_FEATURE_MEMBER_IMPORT_VISIBILITY = YES;
				SWIFT_VERSION = 5.0;
				TARGETED_DEVICE_FAMILY = "1,2";
			};
			name = Release;
		};
		A1B2C3D4000000000000000C /* Debug */ = {
			isa = XCBuildConfiguration;
			buildSettings = {
				APPLICATION_EXTENSION_API_ONLY = YES;
				CODE_SIGN_ENTITLEMENTS = joheulttaedaLiveActivity/joheulttaedaLiveActivity.entitlements;
				CODE_SIGN_STYLE = Automatic;
				CURRENT_PROJECT_VERSION = 1;
				DEVELOPMENT_TEAM = 4Y8TKL3X4R;
				GENERATE_INFOPLIST_FILE = NO;
				INFOPLIST_FILE = joheulttaedaLiveActivity/Info.plist;
				IPHONEOS_DEPLOYMENT_TARGET = 26.5;
				LD_RUNPATH_SEARCH_PATHS = (
					"$(inherited)",
					"@executable_path/Frameworks",
					"@executable_path/../../Frameworks",
				);
				MARKETING_VERSION = 1.0;
				PRODUCT_BUNDLE_IDENTIFIER = com.folitune.joheulttaeda.LiveActivity;
				PRODUCT_NAME = "$(TARGET_NAME)";
				SKIP_INSTALL = YES;
				SWIFT_EMIT_LOC_STRINGS = YES;
				SWIFT_VERSION = 5.0;
				TARGETED_DEVICE_FAMILY = "1,2";
			};
			name = Debug;
		};
		A1B2C3D4000000000000000D /* Release */ = {
			isa = XCBuildConfiguration;
			buildSettings = {
				APPLICATION_EXTENSION_API_ONLY = YES;
				CODE_SIGN_ENTITLEMENTS = joheulttaedaLiveActivity/joheulttaedaLiveActivity.entitlements;
				CODE_SIGN_STYLE = Automatic;
				CURRENT_PROJECT_VERSION = 1;
				DEVELOPMENT_TEAM = 4Y8TKL3X4R;
				GENERATE_INFOPLIST_FILE = NO;
				INFOPLIST_FILE = joheulttaedaLiveActivity/Info.plist;
				IPHONEOS_DEPLOYMENT_TARGET = 26.5;
				LD_RUNPATH_SEARCH_PATHS = (
					"$(inherited)",
					"@executable_path/Frameworks",
					"@executable_path/../../Frameworks",
				);
				MARKETING_VERSION = 1.0;
				PRODUCT_BUNDLE_IDENTIFIER = com.folitune.joheulttaeda.LiveActivity;
				PRODUCT_NAME = "$(TARGET_NAME)";
				SKIP_INSTALL = YES;
				SWIFT_EMIT_LOC_STRINGS = YES;
				SWIFT_VERSION = 5.0;
				TARGETED_DEVICE_FAMILY = "1,2";
			};
			name = Release;
		};
		C10000000000000000000013 /* Debug */ = {
			isa = XCBuildConfiguration;
			buildSettings = {
				APPLICATION_EXTENSION_API_ONLY = YES;
				CODE_SIGN_ENTITLEMENTS = joheulttaedaShare/joheulttaedaShare.entitlements;
				CODE_SIGN_STYLE = Automatic;
				CURRENT_PROJECT_VERSION = 1;
				DEVELOPMENT_TEAM = 4Y8TKL3X4R;
				GENERATE_INFOPLIST_FILE = NO;
				INFOPLIST_FILE = joheulttaedaShare/Info.plist;
				IPHONEOS_DEPLOYMENT_TARGET = 26.5;
				LD_RUNPATH_SEARCH_PATHS = (
					"$(inherited)",
					"@executable_path/Frameworks",
					"@executable_path/../../Frameworks",
				);
				MARKETING_VERSION = 1.0;
				PRODUCT_BUNDLE_IDENTIFIER = com.folitune.joheulttaeda.Share;
				PRODUCT_NAME = "$(TARGET_NAME)";
				SKIP_INSTALL = YES;
				SWIFT_EMIT_LOC_STRINGS = YES;
				SWIFT_VERSION = 5.0;
				TARGETED_DEVICE_FAMILY = "1,2";
			};
			name = Debug;
		};
		C10000000000000000000014 /* Release */ = {
			isa = XCBuildConfiguration;
			buildSettings = {
				APPLICATION_EXTENSION_API_ONLY = YES;
				CODE_SIGN_ENTITLEMENTS = joheulttaedaShare/joheulttaedaShare.entitlements;
				CODE_SIGN_STYLE = Automatic;
				CURRENT_PROJECT_VERSION = 1;
				DEVELOPMENT_TEAM = 4Y8TKL3X4R;
				GENERATE_INFOPLIST_FILE = NO;
				INFOPLIST_FILE = joheulttaedaShare/Info.plist;
				IPHONEOS_DEPLOYMENT_TARGET = 26.5;
				LD_RUNPATH_SEARCH_PATHS = (
					"$(inherited)",
					"@executable_path/Frameworks",
					"@executable_path/../../Frameworks",
				);
				MARKETING_VERSION = 1.0;
				PRODUCT_BUNDLE_IDENTIFIER = com.folitune.joheulttaeda.Share;
				PRODUCT_NAME = "$(TARGET_NAME)";
				SKIP_INSTALL = YES;
				SWIFT_EMIT_LOC_STRINGS = YES;
				SWIFT_VERSION = 5.0;
				TARGETED_DEVICE_FAMILY = "1,2";
			};
			name = Release;
		};
/* End XCBuildConfiguration section */

/* Begin XCConfigurationList section */
		9C4AAEAF300DA23800C92EDE /* Build configuration list for PBXProject "joheulttaeda" */ = {
			isa = XCConfigurationList;
			buildConfigurations = (
				9C4AAEBD300DA23900C92EDE /* Debug */,
				9C4AAEBE300DA23900C92EDE /* Release */,
			);
			defaultConfigurationIsVisible = 0;
			defaultConfigurationName = Release;
		};
		9C4AAEBF300DA23900C92EDE /* Build configuration list for PBXNativeTarget "joheulttaeda" */ = {
			isa = XCConfigurationList;
			buildConfigurations = (
				9C4AAEC0300DA23900C92EDE /* Debug */,
				9C4AAEC1300DA23900C92EDE /* Release */,
			);
			defaultConfigurationIsVisible = 0;
			defaultConfigurationName = Release;
		};
		A1B2C3D4000000000000000B /* Build configuration list for PBXNativeTarget "joheulttaedaLiveActivity" */ = {
			isa = XCConfigurationList;
			buildConfigurations = (
				A1B2C3D4000000000000000C /* Debug */,
				A1B2C3D4000000000000000D /* Release */,
			);
			defaultConfigurationIsVisible = 0;
			defaultConfigurationName = Release;
		};
		C10000000000000000000012 /* Build configuration list for PBXNativeTarget "joheulttaedaShare" */ = {
			isa = XCConfigurationList;
			buildConfigurations = (
				C10000000000000000000013 /* Debug */,
				C10000000000000000000014 /* Release */,
			);
			defaultConfigurationIsVisible = 0;
			defaultConfigurationName = Release;
		};
/* End XCConfigurationList section */
	};
	rootObject = 9C4AAEAC300DA23800C92EDE /* Project object */;
}
